<?xml version="1.0" encoding="utf-8"?>
<Project ToolsVersion="4.0" xmlns="http://schemas.microsoft.com/developer/msbuild/2003">
  <ItemGroup>
    <ClCompile Include="App\app.cpp">
      <Filter>ChallengeAPI</Filter>
    </ClCompile>
    <ClCompile Include="src\Game.cpp">
      <Filter>ChallengeAPI</Filter>
    </ClCompile>
    <ClCompile Include="App\main.cpp">
      <Filter>ChallengeAPI</Filter>
    </ClCompile>
    <ClCompile Include="App\SimpleController.cpp">
      <Filter>ChallengeAPI</Filter>
    </ClCompile>
    <ClCompile Include="App\SimpleSound.cpp">
      <Filter>ChallengeAPI</Filter>
    </ClCompile>
    <ClCompile Include="App\SimpleSprite.cpp">
      <Filter>ChallengeAPI</Filter>
    </ClCompile>
    <ClCompile Include="App\TextureLoader.cpp">
      <Filter>ChallengeAPI</Filter>
    </ClCompile>
    <ClCompile Include="stdafx.cpp">
      <Filter>VisualStudioRelated</Filter>
    </ClCompile>
    <ClCompile Include="src\ECS\ECS.cpp" />
    <ClCompile Include="src\ECS\IDManager.cpp" />
    <ClCompile Include="src\Physics\RotateX.cpp" />
    <ClCompile Include="src\Physics\RotateZ.cpp" />
    <ClCompile Include="src\Rendering\Geometry.cpp" />
    <ClCompile Include="src\Rendering\Renderer.cpp" />
    <ClCompile Include="src\Rendering\Drawing.cpp" />
    <ClCompile Include="src\Systems\MeshResourceObjLoader.cpp" />
    <ClCompile Include="src\Util\GameMath.cpp" />
    <ClCompile Include="src\Util\GetModelNumber.cpp" />
    <ClCompile Include="src\Components\MeshComponent.cpp" />
    <ClCompile Include="src\Components\TransformComponent.cpp" />
    <ClCompile Include="App\DirectSound.cpp" />
  </ItemGroup>
  <ItemGroup>
    <ClInclude Include="App\app.h">
      <Filter>ChallengeAPI</Filter>
    </ClInclude>
    <ClInclude Include="App\AppSettings.h">
      <Filter>ChallengeAPI</Filter>
    </ClInclude>
    <ClInclude Include="App\main.h">
      <Filter>ChallengeAPI</Filter>
    </ClInclude>
    <ClInclude Include="App\SimpleController.h">
      <Filter>ChallengeAPI</Filter>
    </ClInclude>
    <ClInclude Include="App\SimpleSound.h">
      <Filter>ChallengeAPI</Filter>
    </ClInclude>
    <ClInclude Include="App\SimpleSprite.h">
      <Filter>ChallengeAPI</Filter>
    </ClInclude>
    <ClInclude Include="App\TextureLoader.h">
      <Filter>ChallengeAPI</Filter>
    </ClInclude>
    <ClInclude Include="stdafx.h">
      <Filter>VisualStudioRelated</Filter>
    </ClInclude>
    <ClInclude Include="targetver.h">
      <Filter>VisualStudioRelated</Filter>
    </ClInclude>
    <ClInclude Include="src\ECS\ECS.h" />
    <ClInclude Include="src\ECS\IDManager.h" />
    <ClInclude Include="src\ECS\Pool.h" />
    <ClInclude Include="src\Rendering\Geometry.h" />
    <ClInclude Include="src\Rendering\Renderer.h" />
    <ClInclude Include="src\Rendering\Drawing.h" />
    <ClInclude Include="src\Systems\MeshResourceObjLoader.h" />
    <ClInclude Include="src\Systems\Systems.h" />
    <ClInclude Include="src\Util\GameMath.h" />
    <ClInclude Include="src\Util\GetModelNumber.h" />
    <ClInclude Include="src\Components\Components.h" />
    <ClInclude Include="src\Components\MeshComponent.h" />
    <ClInclude Include="src\Components\MeshResourceComponent.h" />
    <ClInclude Include="src\Components\TransformComponent.h" />
    <ClInclude Include="App\DirectSound.h" />
    <ClInclude Include="App\mydirectsound.h" />
  </ItemGroup>
  <ItemGroup>
    <Filter Include="ChallengeAPI">
      <UniqueIdentifier>{247c844f-f2d1-415f-8421-cc912486261b}</UniqueIdentifier>
    </Filter>
    <Filter Include="VisualStudioRelated">
      <UniqueIdentifier>{7e3f45b2-6fd5-4156-afab-517b5ada6a0a}</UniqueIdentifier>
    </Filter>
  </ItemGroup>
  <ItemGroup>
    <Text Include="ReadMe.txt">
      <Filter>ChallengeAPI</Filter>
    </Text>
  </ItemGroup>
</Project>