<?xml version="1.0" encoding="utf-8"?>
<Project ToolsVersion="4.0" xmlns="http://schemas.microsoft.com/developer/msbuild/2003">
  <ItemGroup>
    <ClCompile Include="Include\stdafx.cpp" />
    <ClCompile Include="App\app.cpp">
      <Filter>NextAPI</Filter>
    </ClCompile>
    <ClCompile Include="App\main.cpp">
      <Filter>NextAPI</Filter>
    </ClCompile>
    <ClCompile Include="App\SimpleController.cpp">
      <Filter>NextAPI</Filter>
    </ClCompile>
    <ClCompile Include="App\SimpleSound.cpp">
      <Filter>NextAPI</Filter>
    </ClCompile>
    <ClCompile Include="App\SimpleSprite.cpp">
      <Filter>NextAPI</Filter>
    </ClCompile>
    <ClCompile Include="stb_image\stb_image.cpp">
      <Filter>stb_image</Filter>
    </ClCompile>
    <ClCompile Include="Source\Game.cpp" />
    <ClCompile Include="Source\Components\MeshComponent.cpp" />
    <ClCompile Include="Source\Components\TransformComponent.cpp" />
    <ClCompile Include="Source\ECS\ECS.cpp" />
    <ClCompile Include="Source\ECS\IDManager.cpp" />
    <ClCompile Include="Source\Rendering\Drawing.cpp" />
    <ClCompile Include="Source\Rendering\Face.cpp" />
    <ClCompile Include="Source\Rendering\Renderer.cpp" />
    <ClCompile Include="Source\Rendering\MeshLibrary.cpp" />
    <ClCompile Include="Source\Math\Vector4.cpp" />
    <ClCompile Include="App\DirectSound.cpp" />
    <ClCompile Include="Source\Components\TextureComponent.cpp" />
    <ClCompile Include="Source\Math\Matrix4.cpp" />
    <ClCompile Include="Source\Rendering\Colour.cpp" />
    <ClCompile Include="Source\ECS\EntityDescriptor.cpp" />
    <ClCompile Include="Source\Components\ParticleComponent.cpp" />
    <ClCompile Include="Source\Systems\AnimateParticles.cpp" />
    <ClCompile Include="Source\Rendering\Camera.cpp" />
    <ClCompile Include="Source\Components\SphereColliderComponent.cpp" />
    <ClCompile Include="Source\Systems\MovePlayer.cpp" />
    <ClCompile Include="Source\Physics\DetectCollisions.cpp" />
    <ClCompile Include="Source\Physics\Contact.cpp" />
    <ClCompile Include="Source\Physics\ResolveCollisions.cpp" />
    <ClCompile Include="Source\Components\PhysicsBodyComponent.cpp" />
  </ItemGroup>
  <ItemGroup>
    <ClInclude Include="Include\stdafx.h" />
    <ClInclude Include="App\app.h">
      <Filter>NextAPI</Filter>
    </ClInclude>
    <ClInclude Include="App\AppSettings.h">
      <Filter>NextAPI</Filter>
    </ClInclude>
    <ClInclude Include="App\main.h">
      <Filter>NextAPI</Filter>
    </ClInclude>
    <ClInclude Include="App\SimpleController.h">
      <Filter>NextAPI</Filter>
    </ClInclude>
    <ClInclude Include="App\SimpleSound.h">
      <Filter>NextAPI</Filter>
    </ClInclude>
    <ClInclude Include="App\SimpleSprite.h">
      <Filter>NextAPI</Filter>
    </ClInclude>
    <ClInclude Include="Include\targetver.h">
      <Filter>NextAPI</Filter>
    </ClInclude>
    <ClInclude Include="stb_image\stb_image.h">
      <Filter>stb_image</Filter>
    </ClInclude>
    <ClInclude Include="Source\Components\Components.h" />
    <ClInclude Include="Source\Components\MeshComponent.h" />
    <ClInclude Include="Source\Components\TransformComponent.h" />
    <ClInclude Include="Source\ECS\ECS.h" />
    <ClInclude Include="Source\ECS\IDManager.h" />
    <ClInclude Include="Source\ECS\ComponentPool.h" />
    <ClInclude Include="Source\Rendering\Drawing.h" />
    <ClInclude Include="Source\Rendering\Face.h" />
    <ClInclude Include="Source\Rendering\Renderer.h" />
    <ClInclude Include="Source\Rendering\MeshLibrary.h" />
    <ClInclude Include="Source\Systems\Systems.h" />
    <ClInclude Include="Source\Math\Vector4.h" />
    <ClInclude Include="glut\include\GL\freeglut.h" />
    <ClInclude Include="glut\include\GL\freeglut_ext.h" />
    <ClInclude Include="glut\include\GL\freeglut_std.h" />
    <ClInclude Include="glut\include\GL\glut.h" />
    <ClInclude Include="App\DirectSound.h" />
    <ClInclude Include="App\mydirectsound.h" />
    <ClInclude Include="Source\Components\TextureComponent.h" />
    <ClInclude Include="Source\Math\Matrix4.h" />
    <ClInclude Include="Source\Rendering\Colour.h" />
    <ClInclude Include="Source\ECS\EntityDescriptor.h" />
    <ClInclude Include="Source\Components\ParticleComponent.h" />
    <ClInclude Include="Source\Systems\AnimateParticles.h" />
    <ClInclude Include="Source\Rendering\Camera.h" />
    <ClInclude Include="Source\Components\SphereColliderComponent.h" />
    <ClInclude Include="Source\Systems\MovePlayer.h" />
    <ClInclude Include="Source\Physics\DetectCollisions.h" />
    <ClInclude Include="Source\Physics\Physics.h" />
    <ClInclude Include="Source\Physics\Contact.h" />
    <ClInclude Include="Source\Physics\ResolveCollisions.h" />
    <ClInclude Include="Source\Components\PhysicsBodyComponent.h" />
  </ItemGroup>
  <ItemGroup>
    <Filter Include="NextAPI">
      <UniqueIdentifier>{f318918d-bb9f-4402-ae1c-4f72186d16f6}</UniqueIdentifier>
    </Filter>
    <Filter Include="stb_image">
      <UniqueIdentifier>{61cfc19b-c57e-4021-b530-bac172fcba86}</UniqueIdentifier>
    </Filter>
  </ItemGroup>
</Project>